
Microsoft Visual Studio Solution File, Format Version 12.00
# Visual Studio Version 17
VisualStudioVersion = 17.9.34714.143
MinimumVisualStudioVersion = 10.0.40219.1
Project("{FAE04EC0-301F-11D3-BF4B-00C04F79EFBC}") = "TextMachineLearningSharp", "TextMachineLearningSharp.csproj", "{D4C8F7DF-530F-4D59-9183-79DA2ECFFE76}"
EndProject
Global
	GlobalSection(SolutionConfigurationPlatforms) = preSolution
		Debug|Any CPU = Debug|Any CPU
		Release|Any CPU = Release|Any CPU
	EndGlobalSection
	GlobalSection(ProjectConfigurationPlatforms) = postSolution
		{D4C8F7DF-530F-4D59-9183-79DA2ECFFE76}.Debug|Any CPU.ActiveCfg = Debug|Any CPU
		{D4C8F7DF-530F-4D59-9183-79DA2ECFFE76}.Debug|Any CPU.Build.0 = Debug|Any CPU
		{D4C8F7DF-530F-4D59-9183-79DA2ECFFE76}.Release|Any CPU.ActiveCfg = Release|Any CPU
		{D4C8F7DF-530F-4D59-9183-79DA2ECFFE76}.Release|Any CPU.Build.0 = Release|Any CPU
	EndGlobalSection
	GlobalSection(SolutionProperties) = preSolution
		HideSolutionNode = FALSE
	EndGlobalSection
	GlobalSection(ExtensibilityGlobals) = postSolution
		SolutionGuid = {D4974D37-CDBE-45D9-B23E-EC3DE9137375}
	EndGlobalSection
EndGlobal
